
Microsoft Visual Studio Solution File, Format Version 12.00
# Visual Studio Version 16
VisualStudioVersion = 16.0.30503.244
MinimumVisualStudioVersion = 10.0.40219.1
Project("{F184B08F-C81C-45F6-A57F-5ABD9991F28F}") = "chapter 4-8", "chapter 4-8\chapter 4-8.vbproj", "{EA3A8EFB-E3A2-4224-840C-C1E61534159B}"
EndProject
Global
	GlobalSection(SolutionConfigurationPlatforms) = preSolution
		Debug|Any CPU = Debug|Any CPU
		Release|Any CPU = Release|Any CPU
	EndGlobalSection
	GlobalSection(ProjectConfigurationPlatforms) = postSolution
		{EA3A8EFB-E3A2-4224-840C-C1E61534159B}.Debug|Any CPU.ActiveCfg = Debug|Any CPU
		{EA3A8EFB-E3A2-4224-840C-C1E61534159B}.Debug|Any CPU.Build.0 = Debug|Any CPU
		{EA3A8EFB-E3A2-4224-840C-C1E61534159B}.Release|Any CPU.ActiveCfg = Release|Any CPU
		{EA3A8EFB-E3A2-4224-840C-C1E61534159B}.Release|Any CPU.Build.0 = Release|Any CPU
	EndGlobalSection
	GlobalSection(SolutionProperties) = preSolution
		HideSolutionNode = FALSE
	EndGlobalSection
	GlobalSection(ExtensibilityGlobals) = postSolution
		SolutionGuid = {C9CA65CC-A7E5-4493-B4F4-B7E1FD4F1B80}
	EndGlobalSection
EndGlobal
