
Microsoft Visual Studio Solution File, Format Version 12.00
# Visual Studio Version 16
VisualStudioVersion = 16.0.30503.244
MinimumVisualStudioVersion = 10.0.40219.1
Project("{F184B08F-C81C-45F6-A57F-5ABD9991F28F}") = "chapter 4-12", "chapter 4-12\chapter 4-12.vbproj", "{E5552FEE-02B5-4F13-B3A8-EEBA76F96A74}"
EndProject
Global
	GlobalSection(SolutionConfigurationPlatforms) = preSolution
		Debug|Any CPU = Debug|Any CPU
		Release|Any CPU = Release|Any CPU
	EndGlobalSection
	GlobalSection(ProjectConfigurationPlatforms) = postSolution
		{E5552FEE-02B5-4F13-B3A8-EEBA76F96A74}.Debug|Any CPU.ActiveCfg = Debug|Any CPU
		{E5552FEE-02B5-4F13-B3A8-EEBA76F96A74}.Debug|Any CPU.Build.0 = Debug|Any CPU
		{E5552FEE-02B5-4F13-B3A8-EEBA76F96A74}.Release|Any CPU.ActiveCfg = Release|Any CPU
		{E5552FEE-02B5-4F13-B3A8-EEBA76F96A74}.Release|Any CPU.Build.0 = Release|Any CPU
	EndGlobalSection
	GlobalSection(SolutionProperties) = preSolution
		HideSolutionNode = FALSE
	EndGlobalSection
	GlobalSection(ExtensibilityGlobals) = postSolution
		SolutionGuid = {0DD2709B-6F9A-4EF4-A984-212816570DBC}
	EndGlobalSection
EndGlobal
