
Microsoft Visual Studio Solution File, Format Version 12.00
# Visual Studio Version 16
VisualStudioVersion = 16.0.30503.244
MinimumVisualStudioVersion = 10.0.40219.1
Project("{F184B08F-C81C-45F6-A57F-5ABD9991F28F}") = "chap 7-1", "chap 7-1\chap 7-1.vbproj", "{B55576D3-C027-4BCE-A2D2-9DF28D57D6DA}"
EndProject
Global
	GlobalSection(SolutionConfigurationPlatforms) = preSolution
		Debug|Any CPU = Debug|Any CPU
		Release|Any CPU = Release|Any CPU
	EndGlobalSection
	GlobalSection(ProjectConfigurationPlatforms) = postSolution
		{B55576D3-C027-4BCE-A2D2-9DF28D57D6DA}.Debug|Any CPU.ActiveCfg = Debug|Any CPU
		{B55576D3-C027-4BCE-A2D2-9DF28D57D6DA}.Debug|Any CPU.Build.0 = Debug|Any CPU
		{B55576D3-C027-4BCE-A2D2-9DF28D57D6DA}.Release|Any CPU.ActiveCfg = Release|Any CPU
		{B55576D3-C027-4BCE-A2D2-9DF28D57D6DA}.Release|Any CPU.Build.0 = Release|Any CPU
	EndGlobalSection
	GlobalSection(SolutionProperties) = preSolution
		HideSolutionNode = FALSE
	EndGlobalSection
	GlobalSection(ExtensibilityGlobals) = postSolution
		SolutionGuid = {560BE720-0343-4C01-96EC-24CB8FC131D6}
	EndGlobalSection
EndGlobal
